
Microsoft Visual Studio Solution File, Format Version 12.00
# Visual Studio 14
VisualStudioVersion = 14.0.24720.0
MinimumVisualStudioVersion = 10.0.40219.1
Project("{FAE04EC0-301F-11D3-BF4B-00C04F79EFBC}") = "Api", "Api\Api.csproj", "{E819A228-7559-40C9-AC01-C1AABFC46C3A}"
EndProject
Project("{FAE04EC0-301F-11D3-BF4B-00C04F79EFBC}") = "Models", "Models\Models.csproj", "{7A1753F5-F2C3-40DA-A200-BC0727B3EDAD}"
EndProject
Global
	GlobalSection(SolutionConfigurationPlatforms) = preSolution
		Debug|Any CPU = Debug|Any CPU
		Release|Any CPU = Release|Any CPU
	EndGlobalSection
	GlobalSection(ProjectConfigurationPlatforms) = postSolution
		{E819A228-7559-40C9-AC01-C1AABFC46C3A}.Debug|Any CPU.ActiveCfg = Debug|Any CPU
		{E819A228-7559-40C9-AC01-C1AABFC46C3A}.Debug|Any CPU.Build.0 = Debug|Any CPU
		{E819A228-7559-40C9-AC01-C1AABFC46C3A}.Release|Any CPU.ActiveCfg = Release|Any CPU
		{E819A228-7559-40C9-AC01-C1AABFC46C3A}.Release|Any CPU.Build.0 = Release|Any CPU
		{7A1753F5-F2C3-40DA-A200-BC0727B3EDAD}.Debug|Any CPU.ActiveCfg = Debug|Any CPU
		{7A1753F5-F2C3-40DA-A200-BC0727B3EDAD}.Debug|Any CPU.Build.0 = Debug|Any CPU
		{7A1753F5-F2C3-40DA-A200-BC0727B3EDAD}.Release|Any CPU.ActiveCfg = Release|Any CPU
		{7A1753F5-F2C3-40DA-A200-BC0727B3EDAD}.Release|Any CPU.Build.0 = Release|Any CPU
	EndGlobalSection
	GlobalSection(SolutionProperties) = preSolution
		HideSolutionNode = FALSE
	EndGlobalSection
EndGlobal
